
Microsoft Visual Studio Solution File, Format Version 12.00
# Visual Studio Version 16
VisualStudioVersion = 16.0.31624.102
MinimumVisualStudioVersion = 10.0.40219.1
Project("{9A19103F-16F7-4668-BE54-9A1E7A4F7556}") = "GrundlagenCSharp", "GrundlagenCSharp\GrundlagenCSharp.csproj", "{BD1BE7C4-D4C1-4389-8ED8-7673A37A5AF0}"
EndProject
Project("{9A19103F-16F7-4668-BE54-9A1E7A4F7556}") = "Finanztabelle", "Finanztabelle\Finanztabelle.csproj", "{52EE395B-1D40-4327-A6A4-B162AEE9CF7A}"
EndProject
Project("{9A19103F-16F7-4668-BE54-9A1E7A4F7556}") = "ArraysAufgabe1", "ArraysAufgabe1\ArraysAufgabe1.csproj", "{61C12320-74AF-4492-834C-E87A0A061657}"
EndProject
Project("{9A19103F-16F7-4668-BE54-9A1E7A4F7556}") = "Array_bubblesort", "Array_bubblesort\Array_bubblesort.csproj", "{189CCD2F-694C-4651-A0AA-866B3AFCB0EA}"
EndProject
Project("{FAE04EC0-301F-11D3-BF4B-00C04F79EFBC}") = "Methoden", "Methoden\Methoden.csproj", "{394C77EA-89BE-4C0C-BA46-B6F5784C8484}"
EndProject
Global
	GlobalSection(SolutionConfigurationPlatforms) = preSolution
		Debug|Any CPU = Debug|Any CPU
		Release|Any CPU = Release|Any CPU
	EndGlobalSection
	GlobalSection(ProjectConfigurationPlatforms) = postSolution
		{BD1BE7C4-D4C1-4389-8ED8-7673A37A5AF0}.Debug|Any CPU.ActiveCfg = Debug|Any CPU
		{BD1BE7C4-D4C1-4389-8ED8-7673A37A5AF0}.Debug|Any CPU.Build.0 = Debug|Any CPU
		{BD1BE7C4-D4C1-4389-8ED8-7673A37A5AF0}.Release|Any CPU.ActiveCfg = Release|Any CPU
		{BD1BE7C4-D4C1-4389-8ED8-7673A37A5AF0}.Release|Any CPU.Build.0 = Release|Any CPU
		{52EE395B-1D40-4327-A6A4-B162AEE9CF7A}.Debug|Any CPU.ActiveCfg = Debug|Any CPU
		{52EE395B-1D40-4327-A6A4-B162AEE9CF7A}.Debug|Any CPU.Build.0 = Debug|Any CPU
		{52EE395B-1D40-4327-A6A4-B162AEE9CF7A}.Release|Any CPU.ActiveCfg = Release|Any CPU
		{52EE395B-1D40-4327-A6A4-B162AEE9CF7A}.Release|Any CPU.Build.0 = Release|Any CPU
		{61C12320-74AF-4492-834C-E87A0A061657}.Debug|Any CPU.ActiveCfg = Debug|Any CPU
		{61C12320-74AF-4492-834C-E87A0A061657}.Debug|Any CPU.Build.0 = Debug|Any CPU
		{61C12320-74AF-4492-834C-E87A0A061657}.Release|Any CPU.ActiveCfg = Release|Any CPU
		{61C12320-74AF-4492-834C-E87A0A061657}.Release|Any CPU.Build.0 = Release|Any CPU
		{189CCD2F-694C-4651-A0AA-866B3AFCB0EA}.Debug|Any CPU.ActiveCfg = Debug|Any CPU
		{189CCD2F-694C-4651-A0AA-866B3AFCB0EA}.Debug|Any CPU.Build.0 = Debug|Any CPU
		{189CCD2F-694C-4651-A0AA-866B3AFCB0EA}.Release|Any CPU.ActiveCfg = Release|Any CPU
		{189CCD2F-694C-4651-A0AA-866B3AFCB0EA}.Release|Any CPU.Build.0 = Release|Any CPU
		{394C77EA-89BE-4C0C-BA46-B6F5784C8484}.Debug|Any CPU.ActiveCfg = Debug|Any CPU
		{394C77EA-89BE-4C0C-BA46-B6F5784C8484}.Debug|Any CPU.Build.0 = Debug|Any CPU
		{394C77EA-89BE-4C0C-BA46-B6F5784C8484}.Release|Any CPU.ActiveCfg = Release|Any CPU
		{394C77EA-89BE-4C0C-BA46-B6F5784C8484}.Release|Any CPU.Build.0 = Release|Any CPU
	EndGlobalSection
	GlobalSection(SolutionProperties) = preSolution
		HideSolutionNode = FALSE
	EndGlobalSection
	GlobalSection(ExtensibilityGlobals) = postSolution
		SolutionGuid = {D2E0AFB0-8634-4111-9D6F-08C9E6607198}
	EndGlobalSection
EndGlobal
